// !$*UTF8*$!
{
	archiveVersion = 1;
	classes = {
	};
	objectVersion = 46;
	objects = {

/* Begin PBXBuildFile section */
		49F302441C16693D00BAAD90 /* main.m in Sources */ = {isa = PBXBuildFile; fileRef = 49F302431C16693D00BAAD90 /* main.m */; };
		49F3024C1C167EAE00BAAD90 /* Person.m in Sources */ = {isa = PBXBuildFile; fileRef = 49F3024B1C167EAE00BAAD90 /* Person.m */; };
/* End PBXBuildFile section */

/* Begin PBXCopyFilesBuildPhase section */
		49F3023E1C16693D00BAAD90 /* CopyFiles */ = {
			isa = PBXCopyFilesBuildPhase;
			buildActionMask = 2147483647;
			dstPath = /usr/share/man/man1/;
			dstSubfolderSpec = 0;
			files = (
			);
			runOnlyForDeploymentPostprocessing = 1;
		};
/* End PBXCopyFilesBuildPhase section */

/* Begin PBXFileReference section */
		49F302401C16693D00BAAD90 /* OC - 06集合遍历和数组排序 */ = {isa = PBXFileReference; explicitFileType = "compiled.mach-o.executable"; includeInIndex = 0; path = "OC - 06集合遍历和数组排序"; sourceTree = BUILT_PRODUCTS_DIR; };
		49F302431C16693D00BAAD90 /* main.m */ = {isa = PBXFileReference; lastKnownFileType = sourcecode.c.objc; path = main.m; sourceTree = "<group>"; };
		49F3024A1C167EAE00BAAD90 /* Person.h */ = {isa = PBXFileReference; fileEncoding = 4; lastKnownFileType = sourcecode.c.h; path = Person.h; sourceTree = "<group>"; };
		49F3024B1C167EAE00BAAD90 /* Person.m */ = {isa = PBXFileReference; fileEncoding = 4; lastKnownFileType = sourcecode.c.objc; path = Person.m; sourceTree = "<group>"; };
/* End PBXFileReference section */

/* Begin PBXFrameworksBuildPhase section */
		49F3023D1C16693D00BAAD90 /* Frameworks */ = {
			isa = PBXFrameworksBuildPhase;
			buildActionMask = 2147483647;
			files = (
			);
			runOnlyForDeploymentPostprocessing = 0;
		};
/* End PBXFrameworksBuildPhase section */

/* Begin PBXGroup section */
		49F302371C16693C00BAAD90 = {
			isa = PBXGroup;
			children = (
				49F302421C16693D00BAAD90 /* OC - 06集合遍历和数组排序 */,
				49F302411C16693D00BAAD90 /* Products */,
			);
			sourceTree = "<group>";
		};
		49F302411C16693D00BAAD90 /* Products */ = {
			isa = PBXGroup;
			children = (
				49F302401C16693D00BAAD90 /* OC - 06集合遍历和数组排序 */,
			);
			name = Products;
			sourceTree = "<group>";
		};
		49F302421C16693D00BAAD90 /* OC - 06集合遍历和数组排序 */ = {
			isa = PBXGroup;
			children = (
				49F302431C16693D00BAAD90 /* main.m */,
				49F3024A1C167EAE00BAAD90 /* Person.h */,
				49F3024B1C167EAE00BAAD90 /* Person.m */,
			);
			path = "OC - 06集合遍历和数组排序";
			sourceTree = "<group>";
		};
/* End PBXGroup section */

/* Begin PBXNativeTarget section */
		49F3023F1C16693D00BAAD90 /* OC - 06集合遍历和数组排序 */ = {
			isa = PBXNativeTarget;
			buildConfigurationList = 49F302471C16693D00BAAD90 /* Build configuration list for PBXNativeTarget "OC - 06集合遍历和数组排序" */;
			buildPhases = (
				49F3023C1C16693D00BAAD90 /* Sources */,
				49F3023D1C16693D00BAAD90 /* Frameworks */,
				49F3023E1C16693D00BAAD90 /* CopyFiles */,
			);
			buildRules = (
			);
			dependencies = (
			);
			name = "OC - 06集合遍历和数组排序";
			productName = "OC - 06集合遍历和数组排序";
			productReference = 49F302401C16693D00BAAD90 /* OC - 06集合遍历和数组排序 */;
			productType = "com.apple.product-type.tool";
		};
/* End PBXNativeTarget section */

/* Begin PBXProject section */
		49F302381C16693C00BAAD90 /* Project object */ = {
			isa = PBXProject;
			attributes = {
				LastUpgradeCheck = 0710;
				ORGANIZATIONNAME = doll;
				TargetAttributes = {
					49F3023F1C16693D00BAAD90 = {
						CreatedOnToolsVersion = 7.1;
					};
				};
			};
			buildConfigurationList = 49F3023B1C16693C00BAAD90 /* Build configuration list for PBXProject "OC - 06集合遍历和数组排序" */;
			compatibilityVersion = "Xcode 3.2";
			developmentRegion = English;
			hasScannedForEncodings = 0;
			knownRegions = (
				en,
			);
			mainGroup = 49F302371C16693C00BAAD90;
			productRefGroup = 49F302411C16693D00BAAD90 /* Products */;
			projectDirPath = "";
			projectRoot = "";
			targets = (
				49F3023F1C16693D00BAAD90 /* OC - 06集合遍历和数组排序 */,
			);
		};
/* End PBXProject section */

/* Begin PBXSourcesBuildPhase section */
		49F3023C1C16693D00BAAD90 /* Sources */ = {
			isa = PBXSourcesBuildPhase;
			buildActionMask = 2147483647;
			files = (
				49F3024C1C167EAE00BAAD90 /* Person.m in Sources */,
				49F302441C16693D00BAAD90 /* main.m in Sources */,
			);
			runOnlyForDeploymentPostprocessing = 0;
		};
/* End PBXSourcesBuildPhase section */

/* Begin XCBuildConfiguration section */
		49F302451C16693D00BAAD90 /* Debug */ = {
			isa = XCBuildConfiguration;
			buildSettings = {
				ALWAYS_SEARCH_USER_PATHS = NO;
				CLANG_CXX_LANGUAGE_STANDARD = "gnu++0x";
				CLANG_CXX_LIBRARY = "libc++";
				CLANG_ENABLE_MODULES = YES;
				CLANG_ENABLE_OBJC_ARC = YES;
				CLANG_WARN_BOOL_CONVERSION = YES;
				CLANG_WARN_CONSTANT_CONVERSION = YES;
				CLANG_WARN_DIRECT_OBJC_ISA_USAGE = YES_ERROR;
				CLANG_WARN_EMPTY_BODY = YES;
				CLANG_WARN_ENUM_CONVERSION = YES;
				CLANG_WARN_INT_CONVERSION = YES;
				CLANG_WARN_OBJC_ROOT_CLASS = YES_ERROR;
				CLANG_WARN_UNREACHABLE_CODE = YES;
				CLANG_WARN__DUPLICATE_METHOD_MATCH = YES;
				CODE_SIGN_IDENTITY = "-";
				COPY_PHASE_STRIP = NO;
				DEBUG_INFORMATION_FORMAT = dwarf;
				ENABLE_STRICT_OBJC_MSGSEND = YES;
				ENABLE_TESTABILITY = YES;
				GCC_C_LANGUAGE_STANDARD = gnu99;
				GCC_DYNAMIC_NO_PIC = NO;
				GCC_NO_COMMON_BLOCKS = YES;
				GCC_OPTIMIZATION_LEVEL = 0;
				GCC_PREPROCESSOR_DEFINITIONS = (
					"DEBUG=1",
					"$(inherited)",
				);
				GCC_WARN_64_TO_32_BIT_CONVERSION = YES;
				GCC_WARN_ABOUT_RETURN_TYPE = YES_ERROR;
				GCC_WARN_UNDECLARED_SELECTOR = YES;
				GCC_WARN_UNINITIALIZED_AUTOS = YES_AGGRESSIVE;
				GCC_WARN_UNUSED_FUNCTION = YES;
				GCC_WARN_UNUSED_VARIABLE = YES;
				MACOSX_DEPLOYMENT_TARGET = 10.11;
				MTL_ENABLE_DEBUG_INFO = YES;
				ONLY_ACTIVE_ARCH = YES;
				SDKROOT = macosx;
			};
			name = Debug;
		};
		49F302461C16693D00BAAD90 /* Release */ = {
			isa = XCBuildConfiguration;
			buildSettings = {
				ALWAYS_SEARCH_USER_PATHS = NO;
				CLANG_CXX_LANGUAGE_STANDARD = "gnu++0x";
				CLANG_CXX_LIBRARY = "libc++";
				CLANG_ENABLE_MODULES = YES;
				CLANG_ENABLE_OBJC_ARC = YES;
				CLANG_WARN_BOOL_CONVERSION = YES;
				CLANG_WARN_CONSTANT_CONVERSION = YES;
				CLANG_WARN_DIRECT_OBJC_ISA_USAGE = YES_ERROR;
				CLANG_WARN_EMPTY_BODY = YES;
				CLANG_WARN_ENUM_CONVERSION = YES;
				CLANG_WARN_INT_CONVERSION = YES;
				CLANG_WARN_OBJC_ROOT_CLASS = YES_ERROR;
				CLANG_WARN_UNREACHABLE_CODE = YES;
				CLANG_WARN__DUPLICATE_METHOD_MATCH = YES;
				CODE_SIGN_IDENTITY = "-";
				COPY_PHASE_STRIP = NO;
				DEBUG_INFORMATION_FORMAT = "dwarf-with-dsym";
				ENABLE_NS_ASSERTIONS = NO;
				ENABLE_STRICT_OBJC_MSGSEND = YES;
				GCC_C_LANGUAGE_STANDARD = gnu99;
				GCC_NO_COMMON_BLOCKS = YES;
				GCC_WARN_64_TO_32_BIT_CONVERSION = YES;
				GCC_WARN_ABOUT_RETURN_TYPE = YES_ERROR;
				GCC_WARN_UNDECLARED_SELECTOR = YES;
				GCC_WARN_UNINITIALIZED_AUTOS = YES_AGGRESSIVE;
				GCC_WARN_UNUSED_FUNCTION = YES;
				GCC_WARN_UNUSED_VARIABLE = YES;
				MACOSX_DEPLOYMENT_TARGET = 10.11;
				MTL_ENABLE_DEBUG_INFO = NO;
				SDKROOT = macosx;
			};
			name = Release;
		};
		49F302481C16693D00BAAD90 /* Debug */ = {
			isa = XCBuildConfiguration;
			buildSettings = {
				PRODUCT_NAME = "$(TARGET_NAME)";
			};
			name = Debug;
		};
		49F302491C16693D00BAAD90 /* Release */ = {
			isa = XCBuildConfiguration;
			buildSettings = {
				PRODUCT_NAME = "$(TARGET_NAME)";
			};
			name = Release;
		};
/* End XCBuildConfiguration section */

/* Begin XCConfigurationList section */
		49F3023B1C16693C00BAAD90 /* Build configuration list for PBXProject "OC - 06集合遍历和数组排序" */ = {
			isa = XCConfigurationList;
			buildConfigurations = (
				49F302451C16693D00BAAD90 /* Debug */,
				49F302461C16693D00BAAD90 /* Release */,
			);
			defaultConfigurationIsVisible = 0;
			defaultConfigurationName = Release;
		};
		49F302471C16693D00BAAD90 /* Build configuration list for PBXNativeTarget "OC - 06集合遍历和数组排序" */ = {
			isa = XCConfigurationList;
			buildConfigurations = (
				49F302481C16693D00BAAD90 /* Debug */,
				49F302491C16693D00BAAD90 /* Release */,
			);
			defaultConfigurationIsVisible = 0;
		};
/* End XCConfigurationList section */
	};
	rootObject = 49F302381C16693C00BAAD90 /* Project object */;
}
