// !$*UTF8*$!
{
	archiveVersion = 1;
	classes = {
	};
	objectVersion = 46;
	objects = {

/* Begin PBXBuildFile section */
		49ED30171C11232B00012B2D /* main.m in Sources */ = {isa = PBXBuildFile; fileRef = 49ED30161C11232B00012B2D /* main.m */; };
		49ED30221C11758C00012B2D /* Contact.m in Sources */ = {isa = PBXBuildFile; fileRef = 49ED30211C11758C00012B2D /* Contact.m */; };
/* End PBXBuildFile section */

/* Begin PBXCopyFilesBuildPhase section */
		49ED30111C11232B00012B2D /* CopyFiles */ = {
			isa = PBXCopyFilesBuildPhase;
			buildActionMask = 2147483647;
			dstPath = /usr/share/man/man1/;
			dstSubfolderSpec = 0;
			files = (
			);
			runOnlyForDeploymentPostprocessing = 1;
		};
/* End PBXCopyFilesBuildPhase section */

/* Begin PBXFileReference section */
		49ED30131C11232B00012B2D /* OC05_数组_字典_集合 */ = {isa = PBXFileReference; explicitFileType = "compiled.mach-o.executable"; includeInIndex = 0; path = "OC05_数组_字典_集合"; sourceTree = BUILT_PRODUCTS_DIR; };
		49ED30161C11232B00012B2D /* main.m */ = {isa = PBXFileReference; lastKnownFileType = sourcecode.c.objc; path = main.m; sourceTree = "<group>"; };
		49ED30201C11758C00012B2D /* Contact.h */ = {isa = PBXFileReference; fileEncoding = 4; lastKnownFileType = sourcecode.c.h; name = Contact.h; path = ../Contact.h; sourceTree = "<group>"; };
		49ED30211C11758C00012B2D /* Contact.m */ = {isa = PBXFileReference; fileEncoding = 4; lastKnownFileType = sourcecode.c.objc; name = Contact.m; path = ../Contact.m; sourceTree = "<group>"; };
/* End PBXFileReference section */

/* Begin PBXFrameworksBuildPhase section */
		49ED30101C11232B00012B2D /* Frameworks */ = {
			isa = PBXFrameworksBuildPhase;
			buildActionMask = 2147483647;
			files = (
			);
			runOnlyForDeploymentPostprocessing = 0;
		};
/* End PBXFrameworksBuildPhase section */

/* Begin PBXGroup section */
		49ED300A1C11232B00012B2D = {
			isa = PBXGroup;
			children = (
				49ED30151C11232B00012B2D /* OC05_数组_字典_集合 */,
				49ED30141C11232B00012B2D /* Products */,
			);
			sourceTree = "<group>";
		};
		49ED30141C11232B00012B2D /* Products */ = {
			isa = PBXGroup;
			children = (
				49ED30131C11232B00012B2D /* OC05_数组_字典_集合 */,
			);
			name = Products;
			sourceTree = "<group>";
		};
		49ED30151C11232B00012B2D /* OC05_数组_字典_集合 */ = {
			isa = PBXGroup;
			children = (
				49ED30161C11232B00012B2D /* main.m */,
				49ED30201C11758C00012B2D /* Contact.h */,
				49ED30211C11758C00012B2D /* Contact.m */,
			);
			path = "OC05_数组_字典_集合";
			sourceTree = "<group>";
		};
/* End PBXGroup section */

/* Begin PBXNativeTarget section */
		49ED30121C11232B00012B2D /* OC05_数组_字典_集合 */ = {
			isa = PBXNativeTarget;
			buildConfigurationList = 49ED301A1C11232B00012B2D /* Build configuration list for PBXNativeTarget "OC05_数组_字典_集合" */;
			buildPhases = (
				49ED300F1C11232B00012B2D /* Sources */,
				49ED30101C11232B00012B2D /* Frameworks */,
				49ED30111C11232B00012B2D /* CopyFiles */,
			);
			buildRules = (
			);
			dependencies = (
			);
			name = "OC05_数组_字典_集合";
			productName = "OC05_数组_字典_集合";
			productReference = 49ED30131C11232B00012B2D /* OC05_数组_字典_集合 */;
			productType = "com.apple.product-type.tool";
		};
/* End PBXNativeTarget section */

/* Begin PBXProject section */
		49ED300B1C11232B00012B2D /* Project object */ = {
			isa = PBXProject;
			attributes = {
				LastUpgradeCheck = 0710;
				ORGANIZATIONNAME = doll;
				TargetAttributes = {
					49ED30121C11232B00012B2D = {
						CreatedOnToolsVersion = 7.1;
					};
				};
			};
			buildConfigurationList = 49ED300E1C11232B00012B2D /* Build configuration list for PBXProject "OC05_数组_字典_集合" */;
			compatibilityVersion = "Xcode 3.2";
			developmentRegion = English;
			hasScannedForEncodings = 0;
			knownRegions = (
				en,
			);
			mainGroup = 49ED300A1C11232B00012B2D;
			productRefGroup = 49ED30141C11232B00012B2D /* Products */;
			projectDirPath = "";
			projectRoot = "";
			targets = (
				49ED30121C11232B00012B2D /* OC05_数组_字典_集合 */,
			);
		};
/* End PBXProject section */

/* Begin PBXSourcesBuildPhase section */
		49ED300F1C11232B00012B2D /* Sources */ = {
			isa = PBXSourcesBuildPhase;
			buildActionMask = 2147483647;
			files = (
				49ED30221C11758C00012B2D /* Contact.m in Sources */,
				49ED30171C11232B00012B2D /* main.m in Sources */,
			);
			runOnlyForDeploymentPostprocessing = 0;
		};
/* End PBXSourcesBuildPhase section */

/* Begin XCBuildConfiguration section */
		49ED30181C11232B00012B2D /* Debug */ = {
			isa = XCBuildConfiguration;
			buildSettings = {
				ALWAYS_SEARCH_USER_PATHS = NO;
				CLANG_CXX_LANGUAGE_STANDARD = "gnu++0x";
				CLANG_CXX_LIBRARY = "libc++";
				CLANG_ENABLE_MODULES = YES;
				CLANG_ENABLE_OBJC_ARC = YES;
				CLANG_WARN_BOOL_CONVERSION = YES;
				CLANG_WARN_CONSTANT_CONVERSION = YES;
				CLANG_WARN_DIRECT_OBJC_ISA_USAGE = YES_ERROR;
				CLANG_WARN_EMPTY_BODY = YES;
				CLANG_WARN_ENUM_CONVERSION = YES;
				CLANG_WARN_INT_CONVERSION = YES;
				CLANG_WARN_OBJC_ROOT_CLASS = YES_ERROR;
				CLANG_WARN_UNREACHABLE_CODE = YES;
				CLANG_WARN__DUPLICATE_METHOD_MATCH = YES;
				CODE_SIGN_IDENTITY = "-";
				COPY_PHASE_STRIP = NO;
				DEBUG_INFORMATION_FORMAT = dwarf;
				ENABLE_STRICT_OBJC_MSGSEND = YES;
				ENABLE_TESTABILITY = YES;
				GCC_C_LANGUAGE_STANDARD = gnu99;
				GCC_DYNAMIC_NO_PIC = NO;
				GCC_NO_COMMON_BLOCKS = YES;
				GCC_OPTIMIZATION_LEVEL = 0;
				GCC_PREPROCESSOR_DEFINITIONS = (
					"DEBUG=1",
					"$(inherited)",
				);
				GCC_WARN_64_TO_32_BIT_CONVERSION = YES;
				GCC_WARN_ABOUT_RETURN_TYPE = YES_ERROR;
				GCC_WARN_UNDECLARED_SELECTOR = YES;
				GCC_WARN_UNINITIALIZED_AUTOS = YES_AGGRESSIVE;
				GCC_WARN_UNUSED_FUNCTION = YES;
				GCC_WARN_UNUSED_VARIABLE = YES;
				MACOSX_DEPLOYMENT_TARGET = 10.11;
				MTL_ENABLE_DEBUG_INFO = YES;
				ONLY_ACTIVE_ARCH = YES;
				SDKROOT = macosx;
			};
			name = Debug;
		};
		49ED30191C11232B00012B2D /* Release */ = {
			isa = XCBuildConfiguration;
			buildSettings = {
				ALWAYS_SEARCH_USER_PATHS = NO;
				CLANG_CXX_LANGUAGE_STANDARD = "gnu++0x";
				CLANG_CXX_LIBRARY = "libc++";
				CLANG_ENABLE_MODULES = YES;
				CLANG_ENABLE_OBJC_ARC = YES;
				CLANG_WARN_BOOL_CONVERSION = YES;
				CLANG_WARN_CONSTANT_CONVERSION = YES;
				CLANG_WARN_DIRECT_OBJC_ISA_USAGE = YES_ERROR;
				CLANG_WARN_EMPTY_BODY = YES;
				CLANG_WARN_ENUM_CONVERSION = YES;
				CLANG_WARN_INT_CONVERSION = YES;
				CLANG_WARN_OBJC_ROOT_CLASS = YES_ERROR;
				CLANG_WARN_UNREACHABLE_CODE = YES;
				CLANG_WARN__DUPLICATE_METHOD_MATCH = YES;
				CODE_SIGN_IDENTITY = "-";
				COPY_PHASE_STRIP = NO;
				DEBUG_INFORMATION_FORMAT = "dwarf-with-dsym";
				ENABLE_NS_ASSERTIONS = NO;
				ENABLE_STRICT_OBJC_MSGSEND = YES;
				GCC_C_LANGUAGE_STANDARD = gnu99;
				GCC_NO_COMMON_BLOCKS = YES;
				GCC_WARN_64_TO_32_BIT_CONVERSION = YES;
				GCC_WARN_ABOUT_RETURN_TYPE = YES_ERROR;
				GCC_WARN_UNDECLARED_SELECTOR = YES;
				GCC_WARN_UNINITIALIZED_AUTOS = YES_AGGRESSIVE;
				GCC_WARN_UNUSED_FUNCTION = YES;
				GCC_WARN_UNUSED_VARIABLE = YES;
				MACOSX_DEPLOYMENT_TARGET = 10.11;
				MTL_ENABLE_DEBUG_INFO = NO;
				SDKROOT = macosx;
			};
			name = Release;
		};
		49ED301B1C11232B00012B2D /* Debug */ = {
			isa = XCBuildConfiguration;
			buildSettings = {
				PRODUCT_NAME = "$(TARGET_NAME)";
			};
			name = Debug;
		};
		49ED301C1C11232B00012B2D /* Release */ = {
			isa = XCBuildConfiguration;
			buildSettings = {
				PRODUCT_NAME = "$(TARGET_NAME)";
			};
			name = Release;
		};
/* End XCBuildConfiguration section */

/* Begin XCConfigurationList section */
		49ED300E1C11232B00012B2D /* Build configuration list for PBXProject "OC05_数组_字典_集合" */ = {
			isa = XCConfigurationList;
			buildConfigurations = (
				49ED30181C11232B00012B2D /* Debug */,
				49ED30191C11232B00012B2D /* Release */,
			);
			defaultConfigurationIsVisible = 0;
			defaultConfigurationName = Release;
		};
		49ED301A1C11232B00012B2D /* Build configuration list for PBXNativeTarget "OC05_数组_字典_集合" */ = {
			isa = XCConfigurationList;
			buildConfigurations = (
				49ED301B1C11232B00012B2D /* Debug */,
				49ED301C1C11232B00012B2D /* Release */,
			);
			defaultConfigurationIsVisible = 0;
		};
/* End XCConfigurationList section */
	};
	rootObject = 49ED300B1C11232B00012B2D /* Project object */;
}
