// !$*UTF8*$!
{
	archiveVersion = 1;
	classes = {
	};
	objectVersion = 46;
	objects = {

/* Begin PBXBuildFile section */
		4999BCA51C0B20800044BB6A /* main.m in Sources */ = {isa = PBXBuildFile; fileRef = 4999BCA41C0B20800044BB6A /* main.m */; };
		4999BCAD1C0B20FA0044BB6A /* Person.m in Sources */ = {isa = PBXBuildFile; fileRef = 4999BCAC1C0B20FA0044BB6A /* Person.m */; };
		4999BCB01C0B22EB0044BB6A /* Student.m in Sources */ = {isa = PBXBuildFile; fileRef = 4999BCAF1C0B22EB0044BB6A /* Student.m */; };
/* End PBXBuildFile section */

/* Begin PBXCopyFilesBuildPhase section */
		4999BC9F1C0B20800044BB6A /* CopyFiles */ = {
			isa = PBXCopyFilesBuildPhase;
			buildActionMask = 2147483647;
			dstPath = /usr/share/man/man1/;
			dstSubfolderSpec = 0;
			files = (
			);
			runOnlyForDeploymentPostprocessing = 1;
		};
/* End PBXCopyFilesBuildPhase section */

/* Begin PBXFileReference section */
		4999BCA11C0B20800044BB6A /* Object - C */ = {isa = PBXFileReference; explicitFileType = "compiled.mach-o.executable"; includeInIndex = 0; path = "Object - C"; sourceTree = BUILT_PRODUCTS_DIR; };
		4999BCA41C0B20800044BB6A /* main.m */ = {isa = PBXFileReference; lastKnownFileType = sourcecode.c.objc; path = main.m; sourceTree = "<group>"; };
		4999BCAB1C0B20FA0044BB6A /* Person.h */ = {isa = PBXFileReference; fileEncoding = 4; lastKnownFileType = sourcecode.c.h; path = Person.h; sourceTree = "<group>"; };
		4999BCAC1C0B20FA0044BB6A /* Person.m */ = {isa = PBXFileReference; fileEncoding = 4; lastKnownFileType = sourcecode.c.objc; path = Person.m; sourceTree = "<group>"; };
		4999BCAE1C0B22EB0044BB6A /* Student.h */ = {isa = PBXFileReference; fileEncoding = 4; lastKnownFileType = sourcecode.c.h; path = Student.h; sourceTree = "<group>"; };
		4999BCAF1C0B22EB0044BB6A /* Student.m */ = {isa = PBXFileReference; fileEncoding = 4; lastKnownFileType = sourcecode.c.objc; path = Student.m; sourceTree = "<group>"; };
/* End PBXFileReference section */

/* Begin PBXFrameworksBuildPhase section */
		4999BC9E1C0B20800044BB6A /* Frameworks */ = {
			isa = PBXFrameworksBuildPhase;
			buildActionMask = 2147483647;
			files = (
			);
			runOnlyForDeploymentPostprocessing = 0;
		};
/* End PBXFrameworksBuildPhase section */

/* Begin PBXGroup section */
		4999BC981C0B20800044BB6A = {
			isa = PBXGroup;
			children = (
				4999BCA31C0B20800044BB6A /* Object - C */,
				4999BCA21C0B20800044BB6A /* Products */,
			);
			sourceTree = "<group>";
		};
		4999BCA21C0B20800044BB6A /* Products */ = {
			isa = PBXGroup;
			children = (
				4999BCA11C0B20800044BB6A /* Object - C */,
			);
			name = Products;
			sourceTree = "<group>";
		};
		4999BCA31C0B20800044BB6A /* Object - C */ = {
			isa = PBXGroup;
			children = (
				4999BCA41C0B20800044BB6A /* main.m */,
				4999BCAB1C0B20FA0044BB6A /* Person.h */,
				4999BCAC1C0B20FA0044BB6A /* Person.m */,
				4999BCAE1C0B22EB0044BB6A /* Student.h */,
				4999BCAF1C0B22EB0044BB6A /* Student.m */,
			);
			path = "Object - C";
			sourceTree = "<group>";
		};
/* End PBXGroup section */

/* Begin PBXNativeTarget section */
		4999BCA01C0B20800044BB6A /* Object - C */ = {
			isa = PBXNativeTarget;
			buildConfigurationList = 4999BCA81C0B20800044BB6A /* Build configuration list for PBXNativeTarget "Object - C" */;
			buildPhases = (
				4999BC9D1C0B20800044BB6A /* Sources */,
				4999BC9E1C0B20800044BB6A /* Frameworks */,
				4999BC9F1C0B20800044BB6A /* CopyFiles */,
			);
			buildRules = (
			);
			dependencies = (
			);
			name = "Object - C";
			productName = "Object - C";
			productReference = 4999BCA11C0B20800044BB6A /* Object - C */;
			productType = "com.apple.product-type.tool";
		};
/* End PBXNativeTarget section */

/* Begin PBXProject section */
		4999BC991C0B20800044BB6A /* Project object */ = {
			isa = PBXProject;
			attributes = {
				LastUpgradeCheck = 0710;
				ORGANIZATIONNAME = doll;
				TargetAttributes = {
					4999BCA01C0B20800044BB6A = {
						CreatedOnToolsVersion = 7.1;
					};
				};
			};
			buildConfigurationList = 4999BC9C1C0B20800044BB6A /* Build configuration list for PBXProject "Object - C" */;
			compatibilityVersion = "Xcode 3.2";
			developmentRegion = English;
			hasScannedForEncodings = 0;
			knownRegions = (
				en,
			);
			mainGroup = 4999BC981C0B20800044BB6A;
			productRefGroup = 4999BCA21C0B20800044BB6A /* Products */;
			projectDirPath = "";
			projectRoot = "";
			targets = (
				4999BCA01C0B20800044BB6A /* Object - C */,
			);
		};
/* End PBXProject section */

/* Begin PBXSourcesBuildPhase section */
		4999BC9D1C0B20800044BB6A /* Sources */ = {
			isa = PBXSourcesBuildPhase;
			buildActionMask = 2147483647;
			files = (
				4999BCAD1C0B20FA0044BB6A /* Person.m in Sources */,
				4999BCA51C0B20800044BB6A /* main.m in Sources */,
				4999BCB01C0B22EB0044BB6A /* Student.m in Sources */,
			);
			runOnlyForDeploymentPostprocessing = 0;
		};
/* End PBXSourcesBuildPhase section */

/* Begin XCBuildConfiguration section */
		4999BCA61C0B20800044BB6A /* Debug */ = {
			isa = XCBuildConfiguration;
			buildSettings = {
				ALWAYS_SEARCH_USER_PATHS = NO;
				CLANG_CXX_LANGUAGE_STANDARD = "gnu++0x";
				CLANG_CXX_LIBRARY = "libc++";
				CLANG_ENABLE_MODULES = YES;
				CLANG_ENABLE_OBJC_ARC = YES;
				CLANG_WARN_BOOL_CONVERSION = YES;
				CLANG_WARN_CONSTANT_CONVERSION = YES;
				CLANG_WARN_DIRECT_OBJC_ISA_USAGE = YES_ERROR;
				CLANG_WARN_EMPTY_BODY = YES;
				CLANG_WARN_ENUM_CONVERSION = YES;
				CLANG_WARN_INT_CONVERSION = YES;
				CLANG_WARN_OBJC_ROOT_CLASS = YES_ERROR;
				CLANG_WARN_UNREACHABLE_CODE = YES;
				CLANG_WARN__DUPLICATE_METHOD_MATCH = YES;
				CODE_SIGN_IDENTITY = "-";
				COPY_PHASE_STRIP = NO;
				DEBUG_INFORMATION_FORMAT = dwarf;
				ENABLE_STRICT_OBJC_MSGSEND = YES;
				ENABLE_TESTABILITY = YES;
				GCC_C_LANGUAGE_STANDARD = gnu99;
				GCC_DYNAMIC_NO_PIC = NO;
				GCC_NO_COMMON_BLOCKS = YES;
				GCC_OPTIMIZATION_LEVEL = 0;
				GCC_PREPROCESSOR_DEFINITIONS = (
					"DEBUG=1",
					"$(inherited)",
				);
				GCC_WARN_64_TO_32_BIT_CONVERSION = YES;
				GCC_WARN_ABOUT_RETURN_TYPE = YES_ERROR;
				GCC_WARN_UNDECLARED_SELECTOR = YES;
				GCC_WARN_UNINITIALIZED_AUTOS = YES_AGGRESSIVE;
				GCC_WARN_UNUSED_FUNCTION = YES;
				GCC_WARN_UNUSED_VARIABLE = YES;
				MACOSX_DEPLOYMENT_TARGET = 10.11;
				MTL_ENABLE_DEBUG_INFO = YES;
				ONLY_ACTIVE_ARCH = YES;
				SDKROOT = macosx;
			};
			name = Debug;
		};
		4999BCA71C0B20800044BB6A /* Release */ = {
			isa = XCBuildConfiguration;
			buildSettings = {
				ALWAYS_SEARCH_USER_PATHS = NO;
				CLANG_CXX_LANGUAGE_STANDARD = "gnu++0x";
				CLANG_CXX_LIBRARY = "libc++";
				CLANG_ENABLE_MODULES = YES;
				CLANG_ENABLE_OBJC_ARC = YES;
				CLANG_WARN_BOOL_CONVERSION = YES;
				CLANG_WARN_CONSTANT_CONVERSION = YES;
				CLANG_WARN_DIRECT_OBJC_ISA_USAGE = YES_ERROR;
				CLANG_WARN_EMPTY_BODY = YES;
				CLANG_WARN_ENUM_CONVERSION = YES;
				CLANG_WARN_INT_CONVERSION = YES;
				CLANG_WARN_OBJC_ROOT_CLASS = YES_ERROR;
				CLANG_WARN_UNREACHABLE_CODE = YES;
				CLANG_WARN__DUPLICATE_METHOD_MATCH = YES;
				CODE_SIGN_IDENTITY = "-";
				COPY_PHASE_STRIP = NO;
				DEBUG_INFORMATION_FORMAT = "dwarf-with-dsym";
				ENABLE_NS_ASSERTIONS = NO;
				ENABLE_STRICT_OBJC_MSGSEND = YES;
				GCC_C_LANGUAGE_STANDARD = gnu99;
				GCC_NO_COMMON_BLOCKS = YES;
				GCC_WARN_64_TO_32_BIT_CONVERSION = YES;
				GCC_WARN_ABOUT_RETURN_TYPE = YES_ERROR;
				GCC_WARN_UNDECLARED_SELECTOR = YES;
				GCC_WARN_UNINITIALIZED_AUTOS = YES_AGGRESSIVE;
				GCC_WARN_UNUSED_FUNCTION = YES;
				GCC_WARN_UNUSED_VARIABLE = YES;
				MACOSX_DEPLOYMENT_TARGET = 10.11;
				MTL_ENABLE_DEBUG_INFO = NO;
				SDKROOT = macosx;
			};
			name = Release;
		};
		4999BCA91C0B20800044BB6A /* Debug */ = {
			isa = XCBuildConfiguration;
			buildSettings = {
				CLANG_ENABLE_OBJC_ARC = NO;
				PRODUCT_NAME = "$(TARGET_NAME)";
			};
			name = Debug;
		};
		4999BCAA1C0B20800044BB6A /* Release */ = {
			isa = XCBuildConfiguration;
			buildSettings = {
				CLANG_ENABLE_OBJC_ARC = NO;
				PRODUCT_NAME = "$(TARGET_NAME)";
			};
			name = Release;
		};
/* End XCBuildConfiguration section */

/* Begin XCConfigurationList section */
		4999BC9C1C0B20800044BB6A /* Build configuration list for PBXProject "Object - C" */ = {
			isa = XCConfigurationList;
			buildConfigurations = (
				4999BCA61C0B20800044BB6A /* Debug */,
				4999BCA71C0B20800044BB6A /* Release */,
			);
			defaultConfigurationIsVisible = 0;
			defaultConfigurationName = Release;
		};
		4999BCA81C0B20800044BB6A /* Build configuration list for PBXNativeTarget "Object - C" */ = {
			isa = XCConfigurationList;
			buildConfigurations = (
				4999BCA91C0B20800044BB6A /* Debug */,
				4999BCAA1C0B20800044BB6A /* Release */,
			);
			defaultConfigurationIsVisible = 0;
			defaultConfigurationName = Release;
		};
/* End XCConfigurationList section */
	};
	rootObject = 4999BC991C0B20800044BB6A /* Project object */;
}
